
Microsoft Visual Studio Solution File, Format Version 12.00
# Visual Studio Version 16
VisualStudioVersion = 16.0.31410.357
MinimumVisualStudioVersion = 10.0.40219.1
Project("{FAE04EC0-301F-11D3-BF4B-00C04F79EFBC}") = "SeleniumCSharpNetCore", "SeleniumCSharpNetCore\SeleniumCSharpNetCore.csproj", "{1DC2B016-09F9-4EAE-ACE3-73A9653B3EB8}"
EndProject
Global
	GlobalSection(SolutionConfigurationPlatforms) = preSolution
		Debug|Any CPU = Debug|Any CPU
		Release|Any CPU = Release|Any CPU
	EndGlobalSection
	GlobalSection(ProjectConfigurationPlatforms) = postSolution
		{1DC2B016-09F9-4EAE-ACE3-73A9653B3EB8}.Debug|Any CPU.ActiveCfg = Debug|Any CPU
		{1DC2B016-09F9-4EAE-ACE3-73A9653B3EB8}.Debug|Any CPU.Build.0 = Debug|Any CPU
		{1DC2B016-09F9-4EAE-ACE3-73A9653B3EB8}.Release|Any CPU.ActiveCfg = Release|Any CPU
		{1DC2B016-09F9-4EAE-ACE3-73A9653B3EB8}.Release|Any CPU.Build.0 = Release|Any CPU
	EndGlobalSection
	GlobalSection(SolutionProperties) = preSolution
		HideSolutionNode = FALSE
	EndGlobalSection
	GlobalSection(ExtensibilityGlobals) = postSolution
		SolutionGuid = {6E6094D7-73A1-46A9-AA73-A3540A34F307}
	EndGlobalSection
EndGlobal
